
Microsoft Visual Studio Solution File, Format Version 12.00
# Visual Studio Version 18
VisualStudioVersion = 18.0.11111.16
MinimumVisualStudioVersion = 10.0.40219.1
Project("{2150E333-8FDC-42A3-9474-1A3956D46DE8}") = "Solution Items", "Solution Items", "{02EA681E-C7D8-13C7-8484-4AC65E1B71E8}"
	ProjectSection(SolutionItems) = preProject
		.editorconfig = .editorconfig
		LICENSE.txt = LICENSE.txt
		README.md = README.md
	EndProjectSection
EndProject
Project("{FAE04EC0-301F-11D3-BF4B-00C04F79EFBC}") = "J.TempoSyncer.Sandbox", "J.TempoSyncer.Sandbox\J.TempoSyncer.Sandbox.csproj", "{7DE0A5DA-4E6B-46D7-AF38-C66351738627}"
EndProject
Project("{FAE04EC0-301F-11D3-BF4B-00C04F79EFBC}") = "J.TempoSyncer.Infrastructure.FFMPEG", "J.TempoSyncer.Infrastructure.FFMPEG\J.TempoSyncer.Infrastructure.FFMPEG.csproj", "{8A304DA8-9FE4-4DDB-8B5E-E1DEF336D703}"
EndProject
Project("{FAE04EC0-301F-11D3-BF4B-00C04F79EFBC}") = "J.TempoSyncer.Service", "J.TempoSyncer.Service\J.TempoSyncer.Service.csproj", "{AA58CC30-4451-4B58-AE0D-79A8607DF264}"
EndProject
Project("{FAE04EC0-301F-11D3-BF4B-00C04F79EFBC}") = "J.TempoSyncer.Core", "J.TempoSyncer.Core\J.TempoSyncer.Core.csproj", "{D83B83BA-808A-40E4-BA6B-285B050641E4}"
EndProject
Project("{FAE04EC0-301F-11D3-BF4B-00C04F79EFBC}") = "J.TempoSyncer.Presentation.WPF", "J.TempoSyncer.Presentation.WPF\J.TempoSyncer.Presentation.WPF.csproj", "{9EE9D3DF-4BB5-4674-9511-6811363BDE93}"
EndProject
Project("{FAE04EC0-301F-11D3-BF4B-00C04F79EFBC}") = "J.TempoSyncer.Infrastructure.TagLibMetadata", "J.TempoSyncer.Infrastructure.TagLibMetadata\J.TempoSyncer.Infrastructure.TagLibMetadata.csproj", "{817E9CFE-2040-41EE-BEA5-4B6756814BA0}"
EndProject
Project("{FAE04EC0-301F-11D3-BF4B-00C04F79EFBC}") = "J.TempoSyncer.Infrastructure.Autofac", "J.TempoSyncer.Infrastructure.Autofac\J.TempoSyncer.Infrastructure.Autofac.csproj", "{C82F9404-3410-4B55-B6B1-5A42FACC385F}"
EndProject
Global
	GlobalSection(SolutionConfigurationPlatforms) = preSolution
		Debug|Any CPU = Debug|Any CPU
		Release|Any CPU = Release|Any CPU
	EndGlobalSection
	GlobalSection(ProjectConfigurationPlatforms) = postSolution
		{7DE0A5DA-4E6B-46D7-AF38-C66351738627}.Debug|Any CPU.ActiveCfg = Debug|Any CPU
		{7DE0A5DA-4E6B-46D7-AF38-C66351738627}.Debug|Any CPU.Build.0 = Debug|Any CPU
		{7DE0A5DA-4E6B-46D7-AF38-C66351738627}.Release|Any CPU.ActiveCfg = Release|Any CPU
		{7DE0A5DA-4E6B-46D7-AF38-C66351738627}.Release|Any CPU.Build.0 = Release|Any CPU
		{8A304DA8-9FE4-4DDB-8B5E-E1DEF336D703}.Debug|Any CPU.ActiveCfg = Debug|Any CPU
		{8A304DA8-9FE4-4DDB-8B5E-E1DEF336D703}.Debug|Any CPU.Build.0 = Debug|Any CPU
		{8A304DA8-9FE4-4DDB-8B5E-E1DEF336D703}.Release|Any CPU.ActiveCfg = Release|Any CPU
		{8A304DA8-9FE4-4DDB-8B5E-E1DEF336D703}.Release|Any CPU.Build.0 = Release|Any CPU
		{AA58CC30-4451-4B58-AE0D-79A8607DF264}.Debug|Any CPU.ActiveCfg = Debug|Any CPU
		{AA58CC30-4451-4B58-AE0D-79A8607DF264}.Debug|Any CPU.Build.0 = Debug|Any CPU
		{AA58CC30-4451-4B58-AE0D-79A8607DF264}.Release|Any CPU.ActiveCfg = Release|Any CPU
		{AA58CC30-4451-4B58-AE0D-79A8607DF264}.Release|Any CPU.Build.0 = Release|Any CPU
		{D83B83BA-808A-40E4-BA6B-285B050641E4}.Debug|Any CPU.ActiveCfg = Debug|Any CPU
		{D83B83BA-808A-40E4-BA6B-285B050641E4}.Debug|Any CPU.Build.0 = Debug|Any CPU
		{D83B83BA-808A-40E4-BA6B-285B050641E4}.Release|Any CPU.ActiveCfg = Release|Any CPU
		{D83B83BA-808A-40E4-BA6B-285B050641E4}.Release|Any CPU.Build.0 = Release|Any CPU
		{9EE9D3DF-4BB5-4674-9511-6811363BDE93}.Debug|Any CPU.ActiveCfg = Debug|Any CPU
		{9EE9D3DF-4BB5-4674-9511-6811363BDE93}.Debug|Any CPU.Build.0 = Debug|Any CPU
		{9EE9D3DF-4BB5-4674-9511-6811363BDE93}.Release|Any CPU.ActiveCfg = Release|Any CPU
		{9EE9D3DF-4BB5-4674-9511-6811363BDE93}.Release|Any CPU.Build.0 = Release|Any CPU
		{817E9CFE-2040-41EE-BEA5-4B6756814BA0}.Debug|Any CPU.ActiveCfg = Debug|Any CPU
		{817E9CFE-2040-41EE-BEA5-4B6756814BA0}.Debug|Any CPU.Build.0 = Debug|Any CPU
		{817E9CFE-2040-41EE-BEA5-4B6756814BA0}.Release|Any CPU.ActiveCfg = Release|Any CPU
		{817E9CFE-2040-41EE-BEA5-4B6756814BA0}.Release|Any CPU.Build.0 = Release|Any CPU
		{C82F9404-3410-4B55-B6B1-5A42FACC385F}.Debug|Any CPU.ActiveCfg = Debug|Any CPU
		{C82F9404-3410-4B55-B6B1-5A42FACC385F}.Debug|Any CPU.Build.0 = Debug|Any CPU
		{C82F9404-3410-4B55-B6B1-5A42FACC385F}.Release|Any CPU.ActiveCfg = Release|Any CPU
		{C82F9404-3410-4B55-B6B1-5A42FACC385F}.Release|Any CPU.Build.0 = Release|Any CPU
	EndGlobalSection
	GlobalSection(SolutionProperties) = preSolution
		HideSolutionNode = FALSE
	EndGlobalSection
	GlobalSection(ExtensibilityGlobals) = postSolution
		SolutionGuid = {9787912D-C21A-4B37-B1FA-C778DDB61E57}
	EndGlobalSection
EndGlobal
